
Microsoft Visual Studio Solution File, Format Version 12.00
# Visual Studio Version 16
VisualStudioVersion = 16.0.30516.212
MinimumVisualStudioVersion = 10.0.40219.1
Project("{FAE04EC0-301F-11D3-BF4B-00C04F79EFBC}") = "DataAccess", "DataAccess\DataAccess.csproj", "{CC8E5148-A845-41A6-BEC7-5BCF5ADD0568}"
EndProject
Project("{FAE04EC0-301F-11D3-BF4B-00C04F79EFBC}") = "DataTransfer", "DataTransfer\DataTransfer.csproj", "{13B49BD3-439F-4E82-B243-004A24A1283D}"
EndProject
Project("{FAE04EC0-301F-11D3-BF4B-00C04F79EFBC}") = "DataAccess.Neo4J", "DataAccess.Neo4J\DataAccess.Neo4J.csproj", "{4DD5ED18-903D-44C6-95F7-31561277EE41}"
EndProject
Project("{FAE04EC0-301F-11D3-BF4B-00C04F79EFBC}") = "DataTransfer.Neo4J", "DataTransfer.Neo4J\DataTransfer.Neo4J.csproj", "{7AE54C5C-CAA3-49F4-A4BC-E2D4ACCF19A4}"
EndProject
Project("{FAE04EC0-301F-11D3-BF4B-00C04F79EFBC}") = "BuisnessLogic", "BuisnessLogic\BuisnessLogic.csproj", "{1A43AE0D-4E6D-4D7D-A682-38BF8C3B47BC}"
EndProject
Project("{FAE04EC0-301F-11D3-BF4B-00C04F79EFBC}") = "WebApp", "WebApp\WebApp.csproj", "{0F6D8DF0-9701-4C1C-B7EF-98EFE9CE0555}"
EndProject
Project("{FAE04EC0-301F-11D3-BF4B-00C04F79EFBC}") = "DataAccessCassandra", "DataAccessCassandra\DataAccessCassandra.csproj", "{84AC8DD0-E82B-48C0-AED4-B2D658C7C103}"
EndProject
Global
	GlobalSection(SolutionConfigurationPlatforms) = preSolution
		Debug|Any CPU = Debug|Any CPU
		Release|Any CPU = Release|Any CPU
	EndGlobalSection
	GlobalSection(ProjectConfigurationPlatforms) = postSolution
		{CC8E5148-A845-41A6-BEC7-5BCF5ADD0568}.Debug|Any CPU.ActiveCfg = Debug|Any CPU
		{CC8E5148-A845-41A6-BEC7-5BCF5ADD0568}.Debug|Any CPU.Build.0 = Debug|Any CPU
		{CC8E5148-A845-41A6-BEC7-5BCF5ADD0568}.Release|Any CPU.ActiveCfg = Release|Any CPU
		{CC8E5148-A845-41A6-BEC7-5BCF5ADD0568}.Release|Any CPU.Build.0 = Release|Any CPU
		{13B49BD3-439F-4E82-B243-004A24A1283D}.Debug|Any CPU.ActiveCfg = Debug|Any CPU
		{13B49BD3-439F-4E82-B243-004A24A1283D}.Debug|Any CPU.Build.0 = Debug|Any CPU
		{13B49BD3-439F-4E82-B243-004A24A1283D}.Release|Any CPU.ActiveCfg = Release|Any CPU
		{13B49BD3-439F-4E82-B243-004A24A1283D}.Release|Any CPU.Build.0 = Release|Any CPU
		{4DD5ED18-903D-44C6-95F7-31561277EE41}.Debug|Any CPU.ActiveCfg = Debug|Any CPU
		{4DD5ED18-903D-44C6-95F7-31561277EE41}.Debug|Any CPU.Build.0 = Debug|Any CPU
		{4DD5ED18-903D-44C6-95F7-31561277EE41}.Release|Any CPU.ActiveCfg = Release|Any CPU
		{4DD5ED18-903D-44C6-95F7-31561277EE41}.Release|Any CPU.Build.0 = Release|Any CPU
		{7AE54C5C-CAA3-49F4-A4BC-E2D4ACCF19A4}.Debug|Any CPU.ActiveCfg = Debug|Any CPU
		{7AE54C5C-CAA3-49F4-A4BC-E2D4ACCF19A4}.Debug|Any CPU.Build.0 = Debug|Any CPU
		{7AE54C5C-CAA3-49F4-A4BC-E2D4ACCF19A4}.Release|Any CPU.ActiveCfg = Release|Any CPU
		{7AE54C5C-CAA3-49F4-A4BC-E2D4ACCF19A4}.Release|Any CPU.Build.0 = Release|Any CPU
		{1A43AE0D-4E6D-4D7D-A682-38BF8C3B47BC}.Debug|Any CPU.ActiveCfg = Debug|Any CPU
		{1A43AE0D-4E6D-4D7D-A682-38BF8C3B47BC}.Debug|Any CPU.Build.0 = Debug|Any CPU
		{1A43AE0D-4E6D-4D7D-A682-38BF8C3B47BC}.Release|Any CPU.ActiveCfg = Release|Any CPU
		{1A43AE0D-4E6D-4D7D-A682-38BF8C3B47BC}.Release|Any CPU.Build.0 = Release|Any CPU
		{0F6D8DF0-9701-4C1C-B7EF-98EFE9CE0555}.Debug|Any CPU.ActiveCfg = Debug|Any CPU
		{0F6D8DF0-9701-4C1C-B7EF-98EFE9CE0555}.Debug|Any CPU.Build.0 = Debug|Any CPU
		{0F6D8DF0-9701-4C1C-B7EF-98EFE9CE0555}.Release|Any CPU.ActiveCfg = Release|Any CPU
		{0F6D8DF0-9701-4C1C-B7EF-98EFE9CE0555}.Release|Any CPU.Build.0 = Release|Any CPU
		{84AC8DD0-E82B-48C0-AED4-B2D658C7C103}.Debug|Any CPU.ActiveCfg = Debug|Any CPU
		{84AC8DD0-E82B-48C0-AED4-B2D658C7C103}.Debug|Any CPU.Build.0 = Debug|Any CPU
		{84AC8DD0-E82B-48C0-AED4-B2D658C7C103}.Release|Any CPU.ActiveCfg = Release|Any CPU
		{84AC8DD0-E82B-48C0-AED4-B2D658C7C103}.Release|Any CPU.Build.0 = Release|Any CPU
	EndGlobalSection
	GlobalSection(SolutionProperties) = preSolution
		HideSolutionNode = FALSE
	EndGlobalSection
	GlobalSection(ExtensibilityGlobals) = postSolution
		SolutionGuid = {95803E55-2350-4825-B504-4DB74635E013}
	EndGlobalSection
EndGlobal
